// !$*UTF8*$!
{
	archiveVersion = 1;
	classes = {
	};
	objectVersion = 77;
	objects = {

/* Begin PBXBuildFile section */
		A0A0A0A000000000000000E4 /* OpenWaterCore in Frameworks */ = {isa = PBXBuildFile; productRef = A0A0A0A000000000000000E2 /* OpenWaterCore */; };
		A0A0A0A000000000000000E5 /* OpenWaterCore in Frameworks */ = {isa = PBXBuildFile; productRef = A0A0A0A000000000000000E3 /* OpenWaterCore */; };
		A0A0A0A000000000000000F0 /* openWater Watch App.app in Embed Watch Content */ = {isa = PBXBuildFile; fileRef = A0A0A0A000000000000000E7 /* openWater Watch App.app */; settings = {ATTRIBUTES = (RemoveHeadersOnCopy, ); }; };
		A0A0A0A000000000000000F4 /* OpenWaterCore in Frameworks */ = {isa = PBXBuildFile; productRef = A0A0A0A000000000000000F3 /* OpenWaterCore */; };
/* End PBXBuildFile section */

/* Begin PBXContainerItemProxy section */
		7FDB7D80301C341100F5A563 /* PBXContainerItemProxy */ = {
			isa = PBXContainerItemProxy;
			containerPortal = 7FDB7D68301C341000F5A563 /* Project object */;
			proxyType = 1;
			remoteGlobalIDString = 7FDB7D6F301C341000F5A563;
			remoteInfo = openWater;
		};
		7FDB7D8A301C341100F5A563 /* PBXContainerItemProxy */ = {
			isa = PBXContainerItemProxy;
			containerPortal = 7FDB7D68301C341000F5A563 /* Project object */;
			proxyType = 1;
			remoteGlobalIDString = 7FDB7D6F301C341000F5A563;
			remoteInfo = openWater;
		};
		A0A0A0A000000000000000F2 /* PBXContainerItemProxy */ = {
			isa = PBXContainerItemProxy;
			containerPortal = 7FDB7D68301C341000F5A563 /* Project object */;
			proxyType = 1;
			remoteGlobalIDString = A0A0A0A000000000000000E8;
			remoteInfo = "openWater Watch App";
		};
/* End PBXContainerItemProxy section */

/* Begin PBXCopyFilesBuildPhase section */
		A0A0A0A000000000000000EF /* Embed Watch Content */ = {
			isa = PBXCopyFilesBuildPhase;
			buildActionMask = 2147483647;
			dstPath = "$(CONTENTS_FOLDER_PATH)/Watch";
			dstSubfolderSpec = 16;
			files = (
				A0A0A0A000000000000000F0 /* openWater Watch App.app in Embed Watch Content */,
			);
			name = "Embed Watch Content";
			runOnlyForDeploymentPostprocessing = 0;
		};
/* End PBXCopyFilesBuildPhase section */

/* Begin PBXFileReference section */
		7FDB7D70301C341000F5A563 /* openWater.app */ = {isa = PBXFileReference; explicitFileType = wrapper.application; includeInIndex = 0; path = openWater.app; sourceTree = BUILT_PRODUCTS_DIR; };
		7FDB7D7F301C341100F5A563 /* openWaterTests.xctest */ = {isa = PBXFileReference; explicitFileType = wrapper.cfbundle; includeInIndex = 0; path = openWaterTests.xctest; sourceTree = BUILT_PRODUCTS_DIR; };
		7FDB7D89301C341100F5A563 /* openWaterUITests.xctest */ = {isa = PBXFileReference; explicitFileType = wrapper.cfbundle; includeInIndex = 0; path = openWaterUITests.xctest; sourceTree = BUILT_PRODUCTS_DIR; };
		A0A0A0A000000000000000E7 /* openWater Watch App.app */ = {isa = PBXFileReference; explicitFileType = wrapper.application; includeInIndex = 0; path = "openWater Watch App.app"; sourceTree = BUILT_PRODUCTS_DIR; };
/* End PBXFileReference section */

/* Begin PBXFileSystemSynchronizedRootGroup section */
		7FDB7D72301C341000F5A563 /* openWater */ = {
			isa = PBXFileSystemSynchronizedRootGroup;
			path = openWater;
			sourceTree = "<group>";
		};
		7FDB7D82301C341100F5A563 /* openWaterTests */ = {
			isa = PBXFileSystemSynchronizedRootGroup;
			path = openWaterTests;
			sourceTree = "<group>";
		};
		7FDB7D8C301C341100F5A563 /* openWaterUITests */ = {
			isa = PBXFileSystemSynchronizedRootGroup;
			path = openWaterUITests;
			sourceTree = "<group>";
		};
		A0A0A0A000000000000000E6 /* openWater Watch App */ = {
			isa = PBXFileSystemSynchronizedRootGroup;
			path = "openWater Watch App";
			sourceTree = "<group>";
		};
/* End PBXFileSystemSynchronizedRootGroup section */

/* Begin PBXFrameworksBuildPhase section */
		7FDB7D6D301C341000F5A563 /* Frameworks */ = {
			isa = PBXFrameworksBuildPhase;
			buildActionMask = 2147483647;
			files = (
				A0A0A0A000000000000000E4 /* OpenWaterCore in Frameworks */,
			);
			runOnlyForDeploymentPostprocessing = 0;
		};
		7FDB7D7C301C341100F5A563 /* Frameworks */ = {
			isa = PBXFrameworksBuildPhase;
			buildActionMask = 2147483647;
			files = (
				A0A0A0A000000000000000F4 /* OpenWaterCore in Frameworks */,
			);
			runOnlyForDeploymentPostprocessing = 0;
		};
		7FDB7D86301C341100F5A563 /* Frameworks */ = {
			isa = PBXFrameworksBuildPhase;
			buildActionMask = 2147483647;
			files = (
			);
			runOnlyForDeploymentPostprocessing = 0;
		};
		A0A0A0A000000000000000EA /* Frameworks */ = {
			isa = PBXFrameworksBuildPhase;
			buildActionMask = 2147483647;
			files = (
				A0A0A0A000000000000000E5 /* OpenWaterCore in Frameworks */,
			);
			runOnlyForDeploymentPostprocessing = 0;
		};
/* End PBXFrameworksBuildPhase section */

/* Begin PBXGroup section */
		7FDB7D67301C341000F5A563 = {
			isa = PBXGroup;
			children = (
				7FDB7D72301C341000F5A563 /* openWater */,
				7FDB7D82301C341100F5A563 /* openWaterTests */,
				7FDB7D8C301C341100F5A563 /* openWaterUITests */,
				A0A0A0A000000000000000E6 /* openWater Watch App */,
				7FDB7D71301C341000F5A563 /* Products */,
			);
			sourceTree = "<group>";
		};
		7FDB7D71301C341000F5A563 /* Products */ = {
			isa = PBXGroup;
			children = (
				7FDB7D70301C341000F5A563 /* openWater.app */,
				7FDB7D7F301C341100F5A563 /* openWaterTests.xctest */,
				7FDB7D89301C341100F5A563 /* openWaterUITests.xctest */,
				A0A0A0A000000000000000E7 /* openWater Watch App.app */,
			);
			name = Products;
			sourceTree = "<group>";
		};
/* End PBXGroup section */

/* Begin PBXNativeTarget section */
		7FDB7D6F301C341000F5A563 /* openWater */ = {
			isa = PBXNativeTarget;
			buildConfigurationList = 7FDB7D93301C341100F5A563 /* Build configuration list for PBXNativeTarget "openWater" */;
			buildPhases = (
				7FDB7D6C301C341000F5A563 /* Sources */,
				7FDB7D6D301C341000F5A563 /* Frameworks */,
				7FDB7D6E301C341000F5A563 /* Resources */,
				A0A0A0A000000000000000EF /* Embed Watch Content */,
			);
			buildRules = (
			);
			dependencies = (
				A0A0A0A000000000000000F1 /* PBXTargetDependency */,
			);
			fileSystemSynchronizedGroups = (
				7FDB7D72301C341000F5A563 /* openWater */,
			);
			name = openWater;
			packageProductDependencies = (
				A0A0A0A000000000000000E2 /* OpenWaterCore */,
			);
			productName = openWater;
			productReference = 7FDB7D70301C341000F5A563 /* openWater.app */;
			productType = "com.apple.product-type.application";
		};
		7FDB7D7E301C341100F5A563 /* openWaterTests */ = {
			isa = PBXNativeTarget;
			buildConfigurationList = 7FDB7D96301C341100F5A563 /* Build configuration list for PBXNativeTarget "openWaterTests" */;
			buildPhases = (
				7FDB7D7B301C341100F5A563 /* Sources */,
				7FDB7D7C301C341100F5A563 /* Frameworks */,
				7FDB7D7D301C341100F5A563 /* Resources */,
			);
			buildRules = (
			);
			dependencies = (
				7FDB7D81301C341100F5A563 /* PBXTargetDependency */,
			);
			fileSystemSynchronizedGroups = (
				7FDB7D82301C341100F5A563 /* openWaterTests */,
			);
			name = openWaterTests;
			packageProductDependencies = (
				A0A0A0A000000000000000F3 /* OpenWaterCore */,
			);
			productName = openWaterTests;
			productReference = 7FDB7D7F301C341100F5A563 /* openWaterTests.xctest */;
			productType = "com.apple.product-type.bundle.unit-test";
		};
		7FDB7D88301C341100F5A563 /* openWaterUITests */ = {
			isa = PBXNativeTarget;
			buildConfigurationList = 7FDB7D99301C341100F5A563 /* Build configuration list for PBXNativeTarget "openWaterUITests" */;
			buildPhases = (
				7FDB7D85301C341100F5A563 /* Sources */,
				7FDB7D86301C341100F5A563 /* Frameworks */,
				7FDB7D87301C341100F5A563 /* Resources */,
			);
			buildRules = (
			);
			dependencies = (
				7FDB7D8B301C341100F5A563 /* PBXTargetDependency */,
			);
			fileSystemSynchronizedGroups = (
				7FDB7D8C301C341100F5A563 /* openWaterUITests */,
			);
			name = openWaterUITests;
			packageProductDependencies = (
			);
			productName = openWaterUITests;
			productReference = 7FDB7D89301C341100F5A563 /* openWaterUITests.xctest */;
			productType = "com.apple.product-type.bundle.ui-testing";
		};
		A0A0A0A000000000000000E8 /* openWater Watch App */ = {
			isa = PBXNativeTarget;
			buildConfigurationList = A0A0A0A000000000000000EC /* Build configuration list for PBXNativeTarget "openWater Watch App" */;
			buildPhases = (
				A0A0A0A000000000000000E9 /* Sources */,
				A0A0A0A000000000000000EA /* Frameworks */,
				A0A0A0A000000000000000EB /* Resources */,
			);
			buildRules = (
			);
			dependencies = (
			);
			fileSystemSynchronizedGroups = (
				A0A0A0A000000000000000E6 /* openWater Watch App */,
			);
			name = "openWater Watch App";
			packageProductDependencies = (
				A0A0A0A000000000000000E3 /* OpenWaterCore */,
			);
			productName = "openWater Watch App";
			productReference = A0A0A0A000000000000000E7 /* openWater Watch App.app */;
			productType = "com.apple.product-type.application";
		};
/* End PBXNativeTarget section */

/* Begin PBXProject section */
		7FDB7D68301C341000F5A563 /* Project object */ = {
			isa = PBXProject;
			attributes = {
				BuildIndependentTargetsInParallel = 1;
				LastSwiftUpdateCheck = 2620;
				LastUpgradeCheck = 2620;
				TargetAttributes = {
					7FDB7D6F301C341000F5A563 = {
						CreatedOnToolsVersion = 26.2;
					};
					7FDB7D7E301C341100F5A563 = {
						CreatedOnToolsVersion = 26.2;
						TestTargetID = 7FDB7D6F301C341000F5A563;
					};
					7FDB7D88301C341100F5A563 = {
						CreatedOnToolsVersion = 26.2;
						TestTargetID = 7FDB7D6F301C341000F5A563;
					};
					A0A0A0A000000000000000E8 = {
						CreatedOnToolsVersion = 26.2;
					};
				};
			};
			buildConfigurationList = 7FDB7D6B301C341000F5A563 /* Build configuration list for PBXProject "openWater" */;
			developmentRegion = en;
			hasScannedForEncodings = 0;
			knownRegions = (
				en,
				Base,
			);
			mainGroup = 7FDB7D67301C341000F5A563;
			minimizedProjectReferenceProxies = 1;
			packageReferences = (
				A0A0A0A000000000000000E1 /* XCLocalSwiftPackageReference "OpenWaterCore" */,
			);
			preferredProjectObjectVersion = 77;
			productRefGroup = 7FDB7D71301C341000F5A563 /* Products */;
			projectDirPath = "";
			projectRoot = "";
			targets = (
				7FDB7D6F301C341000F5A563 /* openWater */,
				7FDB7D7E301C341100F5A563 /* openWaterTests */,
				7FDB7D88301C341100F5A563 /* openWaterUITests */,
				A0A0A0A000000000000000E8 /* openWater Watch App */,
			);
		};
/* End PBXProject section */

/* Begin PBXResourcesBuildPhase section */
		7FDB7D6E301C341000F5A563 /* Resources */ = {
			isa = PBXResourcesBuildPhase;
			buildActionMask = 2147483647;
			files = (
			);
			runOnlyForDeploymentPostprocessing = 0;
		};
		7FDB7D7D301C341100F5A563 /* Resources */ = {
			isa = PBXResourcesBuildPhase;
			buildActionMask = 2147483647;
			files = (
			);
			runOnlyForDeploymentPostprocessing = 0;
		};
		7FDB7D87301C341100F5A563 /* Resources */ = {
			isa = PBXResourcesBuildPhase;
			buildActionMask = 2147483647;
			files = (
			);
			runOnlyForDeploymentPostprocessing = 0;
		};
		A0A0A0A000000000000000EB /* Resources */ = {
			isa = PBXResourcesBuildPhase;
			buildActionMask = 2147483647;
			files = (
			);
			runOnlyForDeploymentPostprocessing = 0;
		};
/* End PBXResourcesBuildPhase section */

/* Begin PBXSourcesBuildPhase section */
		7FDB7D6C301C341000F5A563 /* Sources */ = {
			isa = PBXSourcesBuildPhase;
			buildActionMask = 2147483647;
			files = (
			);
			runOnlyForDeploymentPostprocessing = 0;
		};
		7FDB7D7B301C341100F5A563 /* Sources */ = {
			isa = PBXSourcesBuildPhase;
			buildActionMask = 2147483647;
			files = (
			);
			runOnlyForDeploymentPostprocessing = 0;
		};
		7FDB7D85301C341100F5A563 /* Sources */ = {
			isa = PBXSourcesBuildPhase;
			buildActionMask = 2147483647;
			files = (
			);
			runOnlyForDeploymentPostprocessing = 0;
		};
		A0A0A0A000000000000000E9 /* Sources */ = {
			isa = PBXSourcesBuildPhase;
			buildActionMask = 2147483647;
			files = (
			);
			runOnlyForDeploymentPostprocessing = 0;
		};
/* End PBXSourcesBuildPhase section */

/* Begin PBXTargetDependency section */
		7FDB7D81301C341100F5A563 /* PBXTargetDependency */ = {
			isa = PBXTargetDependency;
			target = 7FDB7D6F301C341000F5A563 /* openWater */;
			targetProxy = 7FDB7D80301C341100F5A563 /* PBXContainerItemProxy */;
		};
		7FDB7D8B301C341100F5A563 /* PBXTargetDependency */ = {
			isa = PBXTargetDependency;
			target = 7FDB7D6F301C341000F5A563 /* openWater */;
			targetProxy = 7FDB7D8A301C341100F5A563 /* PBXContainerItemProxy */;
		};
		A0A0A0A000000000000000F1 /* PBXTargetDependency */ = {
			isa = PBXTargetDependency;
			platformFilter = ios;
			target = A0A0A0A000000000000000E8 /* openWater Watch App */;
			targetProxy = A0A0A0A000000000000000F2 /* PBXContainerItemProxy */;
		};
/* End PBXTargetDependency section */

/* Begin XCBuildConfiguration section */
		7FDB7D91301C341100F5A563 /* Debug */ = {
			isa = XCBuildConfiguration;
			buildSettings = {
				ALWAYS_SEARCH_USER_PATHS = NO;
				ASSETCATALOG_COMPILER_GENERATE_SWIFT_ASSET_SYMBOL_EXTENSIONS = YES;
				CLANG_ANALYZER_NONNULL = YES;
				CLANG_ANALYZER_NUMBER_OBJECT_CONVERSION = YES_AGGRESSIVE;
				CLANG_CXX_LANGUAGE_STANDARD = "gnu++20";
				CLANG_ENABLE_MODULES = YES;
				CLANG_ENABLE_OBJC_ARC = YES;
				CLANG_ENABLE_OBJC_WEAK = YES;
				CLANG_WARN_BLOCK_CAPTURE_AUTORELEASING = YES;
				CLANG_WARN_BOOL_CONVERSION = YES;
				CLANG_WARN_COMMA = YES;
				CLANG_WARN_CONSTANT_CONVERSION = YES;
				CLANG_WARN_DEPRECATED_OBJC_IMPLEMENTATIONS = YES;
				CLANG_WARN_DIRECT_OBJC_ISA_USAGE = YES_ERROR;
				CLANG_WARN_DOCUMENTATION_COMMENTS = YES;
				CLANG_WARN_EMPTY_BODY = YES;
				CLANG_WARN_ENUM_CONVERSION = YES;
				CLANG_WARN_INFINITE_RECURSION = YES;
				CLANG_WARN_INT_CONVERSION = YES;
				CLANG_WARN_NON_LITERAL_NULL_CONVERSION = YES;
				CLANG_WARN_OBJC_IMPLICIT_RETAIN_SELF = YES;
				CLANG_WARN_OBJC_LITERAL_CONVERSION = YES;
				CLANG_WARN_OBJC_ROOT_CLASS = YES_ERROR;
				CLANG_WARN_QUOTED_INCLUDE_IN_FRAMEWORK_HEADER = YES;
				CLANG_WARN_RANGE_LOOP_ANALYSIS = YES;
				CLANG_WARN_STRICT_PROTOTYPES = YES;
				CLANG_WARN_SUSPICIOUS_MOVE = YES;
				CLANG_WARN_UNGUARDED_AVAILABILITY = YES_AGGRESSIVE;
				CLANG_WARN_UNREACHABLE_CODE = YES;
				CLANG_WARN__DUPLICATE_METHOD_MATCH = YES;
				COPY_PHASE_STRIP = NO;
				DEBUG_INFORMATION_FORMAT = dwarf;
				DEVELOPMENT_TEAM = 34FWY7G2HB;
				ENABLE_STRICT_OBJC_MSGSEND = YES;
				ENABLE_TESTABILITY = YES;
				ENABLE_USER_SCRIPT_SANDBOXING = YES;
				GCC_C_LANGUAGE_STANDARD = gnu17;
				GCC_DYNAMIC_NO_PIC = NO;
				GCC_NO_COMMON_BLOCKS = YES;
				GCC_OPTIMIZATION_LEVEL = 0;
				GCC_PREPROCESSOR_DEFINITIONS = (
					"DEBUG=1",
					"$(inherited)",
				);
				GCC_WARN_64_TO_32_BIT_CONVERSION = YES;
				GCC_WARN_ABOUT_RETURN_TYPE = YES_ERROR;
				GCC_WARN_UNDECLARED_SELECTOR = YES;
				GCC_WARN_UNINITIALIZED_AUTOS = YES_AGGRESSIVE;
				GCC_WARN_UNUSED_FUNCTION = YES;
				GCC_WARN_UNUSED_VARIABLE = YES;
				LOCALIZATION_PREFERS_STRING_CATALOGS = YES;
				MTL_ENABLE_DEBUG_INFO = INCLUDE_SOURCE;
				MTL_FAST_MATH = YES;
				ONLY_ACTIVE_ARCH = YES;
				SWIFT_ACTIVE_COMPILATION_CONDITIONS = "DEBUG $(inherited)";
				SWIFT_OPTIMIZATION_LEVEL = "-Onone";
			};
			name = Debug;
		};
		7FDB7D92301C341100F5A563 /* Release */ = {
			isa = XCBuildConfiguration;
			buildSettings = {
				ALWAYS_SEARCH_USER_PATHS = NO;
				ASSETCATALOG_COMPILER_GENERATE_SWIFT_ASSET_SYMBOL_EXTENSIONS = YES;
				CLANG_ANALYZER_NONNULL = YES;
				CLANG_ANALYZER_NUMBER_OBJECT_CONVERSION = YES_AGGRESSIVE;
				CLANG_CXX_LANGUAGE_STANDARD = "gnu++20";
				CLANG_ENABLE_MODULES = YES;
				CLANG_ENABLE_OBJC_ARC = YES;
				CLANG_ENABLE_OBJC_WEAK = YES;
				CLANG_WARN_BLOCK_CAPTURE_AUTORELEASING = YES;
				CLANG_WARN_BOOL_CONVERSION = YES;
				CLANG_WARN_COMMA = YES;
				CLANG_WARN_CONSTANT_CONVERSION = YES;
				CLANG_WARN_DEPRECATED_OBJC_IMPLEMENTATIONS = YES;
				CLANG_WARN_DIRECT_OBJC_ISA_USAGE = YES_ERROR;
				CLANG_WARN_DOCUMENTATION_COMMENTS = YES;
				CLANG_WARN_EMPTY_BODY = YES;
				CLANG_WARN_ENUM_CONVERSION = YES;
				CLANG_WARN_INFINITE_RECURSION = YES;
				CLANG_WARN_INT_CONVERSION = YES;
				CLANG_WARN_NON_LITERAL_NULL_CONVERSION = YES;
				CLANG_WARN_OBJC_IMPLICIT_RETAIN_SELF = YES;
				CLANG_WARN_OBJC_LITERAL_CONVERSION = YES;
				CLANG_WARN_OBJC_ROOT_CLASS = YES_ERROR;
				CLANG_WARN_QUOTED_INCLUDE_IN_FRAMEWORK_HEADER = YES;
				CLANG_WARN_RANGE_LOOP_ANALYSIS = YES;
				CLANG_WARN_STRICT_PROTOTYPES = YES;
				CLANG_WARN_SUSPICIOUS_MOVE = YES;
				CLANG_WARN_UNGUARDED_AVAILABILITY = YES_AGGRESSIVE;
				CLANG_WARN_UNREACHABLE_CODE = YES;
				CLANG_WARN__DUPLICATE_METHOD_MATCH = YES;
				COPY_PHASE_STRIP = NO;
				DEBUG_INFORMATION_FORMAT = "dwarf-with-dsym";
				DEVELOPMENT_TEAM = 34FWY7G2HB;
				ENABLE_NS_ASSERTIONS = NO;
				ENABLE_STRICT_OBJC_MSGSEND = YES;
				ENABLE_USER_SCRIPT_SANDBOXING = YES;
				GCC_C_LANGUAGE_STANDARD = gnu17;
				GCC_NO_COMMON_BLOCKS = YES;
				GCC_WARN_64_TO_32_BIT_CONVERSION = YES;
				GCC_WARN_ABOUT_RETURN_TYPE = YES_ERROR;
				GCC_WARN_UNDECLARED_SELECTOR = YES;
				GCC_WARN_UNINITIALIZED_AUTOS = YES_AGGRESSIVE;
				GCC_WARN_UNUSED_FUNCTION = YES;
				GCC_WARN_UNUSED_VARIABLE = YES;
				LOCALIZATION_PREFERS_STRING_CATALOGS = YES;
				MTL_ENABLE_DEBUG_INFO = NO;
				MTL_FAST_MATH = YES;
				SWIFT_COMPILATION_MODE = wholemodule;
			};
			name = Release;
		};
		7FDB7D94301C341100F5A563 /* Debug */ = {
			isa = XCBuildConfiguration;
			buildSettings = {
				ASSETCATALOG_COMPILER_APPICON_NAME = AppIcon;
				ASSETCATALOG_COMPILER_GLOBAL_ACCENT_COLOR_NAME = AccentColor;
				CODE_SIGN_ENTITLEMENTS = openWater/openWater.entitlements;
				CODE_SIGN_STYLE = Automatic;
				CURRENT_PROJECT_VERSION = 3;
				DEVELOPMENT_TEAM = 34FWY7G2HB;
				ENABLE_APP_SANDBOX = YES;
				ENABLE_HARDENED_RUNTIME = YES;
				ENABLE_PREVIEWS = YES;
				ENABLE_USER_SELECTED_FILES = readonly;
				GENERATE_INFOPLIST_FILE = YES;
				INFOPLIST_FILE = "Info-iOS.plist";
				INFOPLIST_KEY_CFBundleDisplayName = OpenWater;
				INFOPLIST_KEY_NSCameraUsageDescription = "The camera is for photographing a spot when you submit it to the shared spot guide.";
				INFOPLIST_KEY_NSLocationAlwaysAndWhenInUseUsageDescription = "openWater records your GPS track while you are on the water, including when your phone is in a pocket with the screen off.";
				INFOPLIST_KEY_NSLocationWhenInUseUsageDescription = "openWater records your GPS track so it can measure your speed, distance and runs.";
				INFOPLIST_KEY_NSMotionUsageDescription = "openWater uses the motion sensors to tell when you are flying on the foil, to count pumps, and to detect jumps.";
				"INFOPLIST_KEY_UIApplicationSceneManifest_Generation[sdk=iphoneos*]" = YES;
				"INFOPLIST_KEY_UIApplicationSceneManifest_Generation[sdk=iphonesimulator*]" = YES;
				"INFOPLIST_KEY_UIApplicationSupportsIndirectInputEvents[sdk=iphoneos*]" = YES;
				"INFOPLIST_KEY_UIApplicationSupportsIndirectInputEvents[sdk=iphonesimulator*]" = YES;
				"INFOPLIST_KEY_UILaunchScreen_Generation[sdk=iphoneos*]" = YES;
				"INFOPLIST_KEY_UILaunchScreen_Generation[sdk=iphonesimulator*]" = YES;
				"INFOPLIST_KEY_UIStatusBarStyle[sdk=iphoneos*]" = UIStatusBarStyleDefault;
				"INFOPLIST_KEY_UIStatusBarStyle[sdk=iphonesimulator*]" = UIStatusBarStyleDefault;
				INFOPLIST_KEY_UISupportedInterfaceOrientations_iPhone = UIInterfaceOrientationPortrait;
				IPHONEOS_DEPLOYMENT_TARGET = 18.0;
				LD_RUNPATH_SEARCH_PATHS = "@executable_path/Frameworks";
				"LD_RUNPATH_SEARCH_PATHS[sdk=macosx*]" = "@executable_path/../Frameworks";
				MACOSX_DEPLOYMENT_TARGET = 15.0;
				MARKETING_VERSION = 1.0;
				PRODUCT_BUNDLE_IDENTIFIER = com.laan.labs.openWater;
				PRODUCT_NAME = "$(TARGET_NAME)";
				REGISTER_APP_GROUPS = YES;
				SDKROOT = auto;
				STRING_CATALOG_GENERATE_SYMBOLS = YES;
				SUPPORTED_PLATFORMS = "iphoneos iphonesimulator macosx xros xrsimulator";
				SWIFT_APPROACHABLE_CONCURRENCY = YES;
				SWIFT_DEFAULT_ACTOR_ISOLATION = MainActor;
				SWIFT_EMIT_LOC_STRINGS = YES;
				SWIFT_UPCOMING_FEATURE_MEMBER_IMPORT_VISIBILITY = YES;
				SWIFT_VERSION = 5.0;
				TARGETED_DEVICE_FAMILY = 1;
				XROS_DEPLOYMENT_TARGET = 2.0;
			};
			name = Debug;
		};
		7FDB7D95301C341100F5A563 /* Release */ = {
			isa = XCBuildConfiguration;
			buildSettings = {
				ASSETCATALOG_COMPILER_APPICON_NAME = AppIcon;
				ASSETCATALOG_COMPILER_GLOBAL_ACCENT_COLOR_NAME = AccentColor;
				CODE_SIGN_ENTITLEMENTS = openWater/openWater.entitlements;
				CODE_SIGN_STYLE = Automatic;
				CURRENT_PROJECT_VERSION = 3;
				DEVELOPMENT_TEAM = 34FWY7G2HB;
				ENABLE_APP_SANDBOX = YES;
				ENABLE_HARDENED_RUNTIME = YES;
				ENABLE_PREVIEWS = YES;
				ENABLE_USER_SELECTED_FILES = readonly;
				EXCLUDED_SOURCE_FILE_NAMES = "*.openwater";
				GENERATE_INFOPLIST_FILE = YES;
				INFOPLIST_FILE = "Info-iOS.plist";
				INFOPLIST_KEY_CFBundleDisplayName = OpenWater;
				INFOPLIST_KEY_NSCameraUsageDescription = "The camera is for photographing a spot when you submit it to the shared spot guide.";
				INFOPLIST_KEY_NSLocationAlwaysAndWhenInUseUsageDescription = "openWater records your GPS track while you are on the water, including when your phone is in a pocket with the screen off.";
				INFOPLIST_KEY_NSLocationWhenInUseUsageDescription = "openWater records your GPS track so it can measure your speed, distance and runs.";
				INFOPLIST_KEY_NSMotionUsageDescription = "openWater uses the motion sensors to tell when you are flying on the foil, to count pumps, and to detect jumps.";
				"INFOPLIST_KEY_UIApplicationSceneManifest_Generation[sdk=iphoneos*]" = YES;
				"INFOPLIST_KEY_UIApplicationSceneManifest_Generation[sdk=iphonesimulator*]" = YES;
				"INFOPLIST_KEY_UIApplicationSupportsIndirectInputEvents[sdk=iphoneos*]" = YES;
				"INFOPLIST_KEY_UIApplicationSupportsIndirectInputEvents[sdk=iphonesimulator*]" = YES;
				"INFOPLIST_KEY_UILaunchScreen_Generation[sdk=iphoneos*]" = YES;
				"INFOPLIST_KEY_UILaunchScreen_Generation[sdk=iphonesimulator*]" = YES;
				"INFOPLIST_KEY_UIStatusBarStyle[sdk=iphoneos*]" = UIStatusBarStyleDefault;
				"INFOPLIST_KEY_UIStatusBarStyle[sdk=iphonesimulator*]" = UIStatusBarStyleDefault;
				INFOPLIST_KEY_UISupportedInterfaceOrientations_iPhone = UIInterfaceOrientationPortrait;
				IPHONEOS_DEPLOYMENT_TARGET = 18.0;
				LD_RUNPATH_SEARCH_PATHS = "@executable_path/Frameworks";
				"LD_RUNPATH_SEARCH_PATHS[sdk=macosx*]" = "@executable_path/../Frameworks";
				MACOSX_DEPLOYMENT_TARGET = 15.0;
				MARKETING_VERSION = 1.0;
				PRODUCT_BUNDLE_IDENTIFIER = com.laan.labs.openWater;
				PRODUCT_NAME = "$(TARGET_NAME)";
				REGISTER_APP_GROUPS = YES;
				SDKROOT = auto;
				STRING_CATALOG_GENERATE_SYMBOLS = YES;
				SUPPORTED_PLATFORMS = "iphoneos iphonesimulator macosx xros xrsimulator";
				SWIFT_APPROACHABLE_CONCURRENCY = YES;
				SWIFT_DEFAULT_ACTOR_ISOLATION = MainActor;
				SWIFT_EMIT_LOC_STRINGS = YES;
				SWIFT_UPCOMING_FEATURE_MEMBER_IMPORT_VISIBILITY = YES;
				SWIFT_VERSION = 5.0;
				TARGETED_DEVICE_FAMILY = 1;
				XROS_DEPLOYMENT_TARGET = 2.0;
			};
			name = Release;
		};
		7FDB7D97301C341100F5A563 /* Debug */ = {
			isa = XCBuildConfiguration;
			buildSettings = {
				BUNDLE_LOADER = "$(TEST_HOST)";
				CODE_SIGN_STYLE = Automatic;
				CURRENT_PROJECT_VERSION = 3;
				DEVELOPMENT_TEAM = 34FWY7G2HB;
				GENERATE_INFOPLIST_FILE = YES;
				IPHONEOS_DEPLOYMENT_TARGET = 18.0;
				MACOSX_DEPLOYMENT_TARGET = 15.0;
				MARKETING_VERSION = 1.0;
				PRODUCT_BUNDLE_IDENTIFIER = com.laan.labs.openWaterTests;
				PRODUCT_NAME = "$(TARGET_NAME)";
				SDKROOT = auto;
				STRING_CATALOG_GENERATE_SYMBOLS = NO;
				SUPPORTED_PLATFORMS = "iphoneos iphonesimulator macosx xros xrsimulator";
				SWIFT_APPROACHABLE_CONCURRENCY = YES;
				SWIFT_EMIT_LOC_STRINGS = NO;
				SWIFT_UPCOMING_FEATURE_MEMBER_IMPORT_VISIBILITY = YES;
				SWIFT_VERSION = 5.0;
				TARGETED_DEVICE_FAMILY = 1;
				TEST_HOST = "$(BUILT_PRODUCTS_DIR)/openWater.app/$(BUNDLE_EXECUTABLE_FOLDER_PATH)/openWater";
				XROS_DEPLOYMENT_TARGET = 2.0;
			};
			name = Debug;
		};
		7FDB7D98301C341100F5A563 /* Release */ = {
			isa = XCBuildConfiguration;
			buildSettings = {
				BUNDLE_LOADER = "$(TEST_HOST)";
				CODE_SIGN_STYLE = Automatic;
				CURRENT_PROJECT_VERSION = 3;
				DEVELOPMENT_TEAM = 34FWY7G2HB;
				GENERATE_INFOPLIST_FILE = YES;
				IPHONEOS_DEPLOYMENT_TARGET = 18.0;
				MACOSX_DEPLOYMENT_TARGET = 15.0;
				MARKETING_VERSION = 1.0;
				PRODUCT_BUNDLE_IDENTIFIER = com.laan.labs.openWaterTests;
				PRODUCT_NAME = "$(TARGET_NAME)";
				SDKROOT = auto;
				STRING_CATALOG_GENERATE_SYMBOLS = NO;
				SUPPORTED_PLATFORMS = "iphoneos iphonesimulator macosx xros xrsimulator";
				SWIFT_APPROACHABLE_CONCURRENCY = YES;
				SWIFT_EMIT_LOC_STRINGS = NO;
				SWIFT_UPCOMING_FEATURE_MEMBER_IMPORT_VISIBILITY = YES;
				SWIFT_VERSION = 5.0;
				TARGETED_DEVICE_FAMILY = 1;
				TEST_HOST = "$(BUILT_PRODUCTS_DIR)/openWater.app/$(BUNDLE_EXECUTABLE_FOLDER_PATH)/openWater";
				XROS_DEPLOYMENT_TARGET = 2.0;
			};
			name = Release;
		};
		7FDB7D9A301C341100F5A563 /* Debug */ = {
			isa = XCBuildConfiguration;
			buildSettings = {
				CODE_SIGN_STYLE = Automatic;
				CURRENT_PROJECT_VERSION = 3;
				DEVELOPMENT_TEAM = 34FWY7G2HB;
				GENERATE_INFOPLIST_FILE = YES;
				IPHONEOS_DEPLOYMENT_TARGET = 18.0;
				MACOSX_DEPLOYMENT_TARGET = 15.0;
				MARKETING_VERSION = 1.0;
				PRODUCT_BUNDLE_IDENTIFIER = com.laan.labs.openWaterUITests;
				PRODUCT_NAME = "$(TARGET_NAME)";
				SDKROOT = auto;
				STRING_CATALOG_GENERATE_SYMBOLS = NO;
				SUPPORTED_PLATFORMS = "iphoneos iphonesimulator macosx xros xrsimulator";
				SWIFT_APPROACHABLE_CONCURRENCY = YES;
				SWIFT_EMIT_LOC_STRINGS = NO;
				SWIFT_UPCOMING_FEATURE_MEMBER_IMPORT_VISIBILITY = YES;
				SWIFT_VERSION = 5.0;
				TARGETED_DEVICE_FAMILY = 1;
				TEST_TARGET_NAME = openWater;
				XROS_DEPLOYMENT_TARGET = 2.0;
			};
			name = Debug;
		};
		7FDB7D9B301C341100F5A563 /* Release */ = {
			isa = XCBuildConfiguration;
			buildSettings = {
				CODE_SIGN_STYLE = Automatic;
				CURRENT_PROJECT_VERSION = 3;
				DEVELOPMENT_TEAM = 34FWY7G2HB;
				GENERATE_INFOPLIST_FILE = YES;
				IPHONEOS_DEPLOYMENT_TARGET = 18.0;
				MACOSX_DEPLOYMENT_TARGET = 15.0;
				MARKETING_VERSION = 1.0;
				PRODUCT_BUNDLE_IDENTIFIER = com.laan.labs.openWaterUITests;
				PRODUCT_NAME = "$(TARGET_NAME)";
				SDKROOT = auto;
				STRING_CATALOG_GENERATE_SYMBOLS = NO;
				SUPPORTED_PLATFORMS = "iphoneos iphonesimulator macosx xros xrsimulator";
				SWIFT_APPROACHABLE_CONCURRENCY = YES;
				SWIFT_EMIT_LOC_STRINGS = NO;
				SWIFT_UPCOMING_FEATURE_MEMBER_IMPORT_VISIBILITY = YES;
				SWIFT_VERSION = 5.0;
				TARGETED_DEVICE_FAMILY = 1;
				TEST_TARGET_NAME = openWater;
				XROS_DEPLOYMENT_TARGET = 2.0;
			};
			name = Release;
		};
		A0A0A0A000000000000000ED /* Debug */ = {
			isa = XCBuildConfiguration;
			buildSettings = {
				ALWAYS_EMBED_SWIFT_STANDARD_LIBRARIES = NO;
				ASSETCATALOG_COMPILER_APPICON_NAME = AppIcon;
				ASSETCATALOG_COMPILER_GLOBAL_ACCENT_COLOR_NAME = AccentColor;
				CODE_SIGN_ENTITLEMENTS = "openWater Watch App/openWater Watch App.entitlements";
				CODE_SIGN_STYLE = Automatic;
				CURRENT_PROJECT_VERSION = 3;
				DEVELOPMENT_TEAM = 34FWY7G2HB;
				ENABLE_PREVIEWS = YES;
				GENERATE_INFOPLIST_FILE = YES;
				INFOPLIST_FILE = "Info-watchOS.plist";
				INFOPLIST_KEY_CFBundleDisplayName = OpenWater;
				INFOPLIST_KEY_CLKComplicationPrincipalClass = "";
				INFOPLIST_KEY_NSHealthShareUsageDescription = "openWater reads your heart rate during a session so your effort appears alongside your speed.";
				INFOPLIST_KEY_NSHealthUpdateUsageDescription = "openWater saves each session to Health as a workout, with its route, so it counts toward your rings.";
				INFOPLIST_KEY_NSLocationAlwaysAndWhenInUseUsageDescription = "openWater records your GPS track while you are on the water, including when the screen is off.";
				INFOPLIST_KEY_NSLocationWhenInUseUsageDescription = "openWater records your GPS track so it can measure your speed, distance and runs.";
				INFOPLIST_KEY_NSMotionUsageDescription = "openWater uses the motion sensors to tell when you are flying on the foil, to count pumps, and to detect jumps.";
				INFOPLIST_KEY_WKApplication = YES;
				INFOPLIST_KEY_WKCompanionAppBundleIdentifier = com.laan.labs.openWater;
				INFOPLIST_KEY_WKRunsIndependentlyOfCompanionApp = YES;
				LD_RUNPATH_SEARCH_PATHS = (
					"$(inherited)",
					"@executable_path/Frameworks",
				);
				MARKETING_VERSION = 1.0;
				PRODUCT_BUNDLE_IDENTIFIER = com.laan.labs.openWater.watchkitapp;
				PRODUCT_NAME = "$(TARGET_NAME)";
				SDKROOT = watchos;
				SKIP_INSTALL = YES;
				STRING_CATALOG_GENERATE_SYMBOLS = YES;
				SUPPORTED_PLATFORMS = "watchos watchsimulator";
				SWIFT_APPROACHABLE_CONCURRENCY = YES;
				SWIFT_DEFAULT_ACTOR_ISOLATION = MainActor;
				SWIFT_EMIT_LOC_STRINGS = YES;
				SWIFT_UPCOMING_FEATURE_MEMBER_IMPORT_VISIBILITY = YES;
				SWIFT_VERSION = 5.0;
				TARGETED_DEVICE_FAMILY = 4;
				WATCHOS_DEPLOYMENT_TARGET = 11.0;
			};
			name = Debug;
		};
		A0A0A0A000000000000000EE /* Release */ = {
			isa = XCBuildConfiguration;
			buildSettings = {
				ALWAYS_EMBED_SWIFT_STANDARD_LIBRARIES = NO;
				ASSETCATALOG_COMPILER_APPICON_NAME = AppIcon;
				ASSETCATALOG_COMPILER_GLOBAL_ACCENT_COLOR_NAME = AccentColor;
				CODE_SIGN_ENTITLEMENTS = "openWater Watch App/openWater Watch App.entitlements";
				CODE_SIGN_STYLE = Automatic;
				CURRENT_PROJECT_VERSION = 3;
				DEVELOPMENT_TEAM = 34FWY7G2HB;
				ENABLE_PREVIEWS = YES;
				GENERATE_INFOPLIST_FILE = YES;
				INFOPLIST_FILE = "Info-watchOS.plist";
				INFOPLIST_KEY_CFBundleDisplayName = OpenWater;
				INFOPLIST_KEY_CLKComplicationPrincipalClass = "";
				INFOPLIST_KEY_NSHealthShareUsageDescription = "openWater reads your heart rate during a session so your effort appears alongside your speed.";
				INFOPLIST_KEY_NSHealthUpdateUsageDescription = "openWater saves each session to Health as a workout, with its route, so it counts toward your rings.";
				INFOPLIST_KEY_NSLocationAlwaysAndWhenInUseUsageDescription = "openWater records your GPS track while you are on the water, including when the screen is off.";
				INFOPLIST_KEY_NSLocationWhenInUseUsageDescription = "openWater records your GPS track so it can measure your speed, distance and runs.";
				INFOPLIST_KEY_NSMotionUsageDescription = "openWater uses the motion sensors to tell when you are flying on the foil, to count pumps, and to detect jumps.";
				INFOPLIST_KEY_WKApplication = YES;
				INFOPLIST_KEY_WKCompanionAppBundleIdentifier = com.laan.labs.openWater;
				INFOPLIST_KEY_WKRunsIndependentlyOfCompanionApp = YES;
				LD_RUNPATH_SEARCH_PATHS = (
					"$(inherited)",
					"@executable_path/Frameworks",
				);
				MARKETING_VERSION = 1.0;
				PRODUCT_BUNDLE_IDENTIFIER = com.laan.labs.openWater.watchkitapp;
				PRODUCT_NAME = "$(TARGET_NAME)";
				SDKROOT = watchos;
				SKIP_INSTALL = YES;
				STRING_CATALOG_GENERATE_SYMBOLS = YES;
				SUPPORTED_PLATFORMS = "watchos watchsimulator";
				SWIFT_APPROACHABLE_CONCURRENCY = YES;
				SWIFT_DEFAULT_ACTOR_ISOLATION = MainActor;
				SWIFT_EMIT_LOC_STRINGS = YES;
				SWIFT_UPCOMING_FEATURE_MEMBER_IMPORT_VISIBILITY = YES;
				SWIFT_VERSION = 5.0;
				TARGETED_DEVICE_FAMILY = 4;
				WATCHOS_DEPLOYMENT_TARGET = 11.0;
			};
			name = Release;
		};
/* End XCBuildConfiguration section */

/* Begin XCConfigurationList section */
		7FDB7D6B301C341000F5A563 /* Build configuration list for PBXProject "openWater" */ = {
			isa = XCConfigurationList;
			buildConfigurations = (
				7FDB7D91301C341100F5A563 /* Debug */,
				7FDB7D92301C341100F5A563 /* Release */,
			);
			defaultConfigurationIsVisible = 0;
			defaultConfigurationName = Release;
		};
		7FDB7D93301C341100F5A563 /* Build configuration list for PBXNativeTarget "openWater" */ = {
			isa = XCConfigurationList;
			buildConfigurations = (
				7FDB7D94301C341100F5A563 /* Debug */,
				7FDB7D95301C341100F5A563 /* Release */,
			);
			defaultConfigurationIsVisible = 0;
			defaultConfigurationName = Release;
		};
		7FDB7D96301C341100F5A563 /* Build configuration list for PBXNativeTarget "openWaterTests" */ = {
			isa = XCConfigurationList;
			buildConfigurations = (
				7FDB7D97301C341100F5A563 /* Debug */,
				7FDB7D98301C341100F5A563 /* Release */,
			);
			defaultConfigurationIsVisible = 0;
			defaultConfigurationName = Release;
		};
		7FDB7D99301C341100F5A563 /* Build configuration list for PBXNativeTarget "openWaterUITests" */ = {
			isa = XCConfigurationList;
			buildConfigurations = (
				7FDB7D9A301C341100F5A563 /* Debug */,
				7FDB7D9B301C341100F5A563 /* Release */,
			);
			defaultConfigurationIsVisible = 0;
			defaultConfigurationName = Release;
		};
		A0A0A0A000000000000000EC /* Build configuration list for PBXNativeTarget "openWater Watch App" */ = {
			isa = XCConfigurationList;
			buildConfigurations = (
				A0A0A0A000000000000000ED /* Debug */,
				A0A0A0A000000000000000EE /* Release */,
			);
			defaultConfigurationIsVisible = 0;
			defaultConfigurationName = Release;
		};
/* End XCConfigurationList section */

/* Begin XCLocalSwiftPackageReference section */
		A0A0A0A000000000000000E1 /* XCLocalSwiftPackageReference "OpenWaterCore" */ = {
			isa = XCLocalSwiftPackageReference;
			relativePath = OpenWaterCore;
		};
/* End XCLocalSwiftPackageReference section */

/* Begin XCSwiftPackageProductDependency section */
		A0A0A0A000000000000000E2 /* OpenWaterCore */ = {
			isa = XCSwiftPackageProductDependency;
			productName = OpenWaterCore;
		};
		A0A0A0A000000000000000E3 /* OpenWaterCore */ = {
			isa = XCSwiftPackageProductDependency;
			productName = OpenWaterCore;
		};
		A0A0A0A000000000000000F3 /* OpenWaterCore */ = {
			isa = XCSwiftPackageProductDependency;
			productName = OpenWaterCore;
		};
/* End XCSwiftPackageProductDependency section */
	};
	rootObject = 7FDB7D68301C341000F5A563 /* Project object */;
}
